
Microsoft Visual Studio Solution File, Format Version 12.00
# Visual Studio Version 17
VisualStudioVersion = 17.8.34322.80
MinimumVisualStudioVersion = 10.0.40219.1
Project("{8BC9CEB8-8B4A-11D0-8D11-00A0C91BC942}") = "DinamikLib", "DinamikLib.vcxproj", "{C2DE005A-DDA9-4587-A68B-77B477C1A7BE}"
EndProject
Project("{8BC9CEB8-8B4A-11D0-8D11-00A0C91BC942}") = "Testtt", "..\Testtt\Testtt.vcxproj", "{584BA357-D2BA-4080-A0EE-A19B72FD72C0}"
EndProject
Global
	GlobalSection(SolutionConfigurationPlatforms) = preSolution
		Debug|x64 = Debug|x64
		Debug|x86 = Debug|x86
		Release|x64 = Release|x64
		Release|x86 = Release|x86
	EndGlobalSection
	GlobalSection(ProjectConfigurationPlatforms) = postSolution
		{C2DE005A-DDA9-4587-A68B-77B477C1A7BE}.Debug|x64.ActiveCfg = Debug|x64
		{C2DE005A-DDA9-4587-A68B-77B477C1A7BE}.Debug|x64.Build.0 = Debug|x64
		{C2DE005A-DDA9-4587-A68B-77B477C1A7BE}.Debug|x86.ActiveCfg = Debug|Win32
		{C2DE005A-DDA9-4587-A68B-77B477C1A7BE}.Debug|x86.Build.0 = Debug|Win32
		{C2DE005A-DDA9-4587-A68B-77B477C1A7BE}.Release|x64.ActiveCfg = Release|x64
		{C2DE005A-DDA9-4587-A68B-77B477C1A7BE}.Release|x64.Build.0 = Release|x64
		{C2DE005A-DDA9-4587-A68B-77B477C1A7BE}.Release|x86.ActiveCfg = Release|Win32
		{C2DE005A-DDA9-4587-A68B-77B477C1A7BE}.Release|x86.Build.0 = Release|Win32
		{584BA357-D2BA-4080-A0EE-A19B72FD72C0}.Debug|x64.ActiveCfg = Debug|x64
		{584BA357-D2BA-4080-A0EE-A19B72FD72C0}.Debug|x64.Build.0 = Debug|x64
		{584BA357-D2BA-4080-A0EE-A19B72FD72C0}.Debug|x86.ActiveCfg = Debug|Win32
		{584BA357-D2BA-4080-A0EE-A19B72FD72C0}.Debug|x86.Build.0 = Debug|Win32
		{584BA357-D2BA-4080-A0EE-A19B72FD72C0}.Release|x64.ActiveCfg = Release|x64
		{584BA357-D2BA-4080-A0EE-A19B72FD72C0}.Release|x64.Build.0 = Release|x64
		{584BA357-D2BA-4080-A0EE-A19B72FD72C0}.Release|x86.ActiveCfg = Release|Win32
		{584BA357-D2BA-4080-A0EE-A19B72FD72C0}.Release|x86.Build.0 = Release|Win32
	EndGlobalSection
	GlobalSection(SolutionProperties) = preSolution
		HideSolutionNode = FALSE
	EndGlobalSection
	GlobalSection(ExtensibilityGlobals) = postSolution
		SolutionGuid = {1E6F0B03-DF4F-4703-A6CB-699013878DC3}
	EndGlobalSection
EndGlobal
